// !$*UTF8*$!
{
	archiveVersion = 1;
	classes = {
	};
	objectVersion = 45;
	objects = {

/* Begin PBXBuildFile section */
		3A0515CA0F6BBA140049FCB8 /* UIControlProcessor.m in Sources */ = {isa = PBXBuildFile; fileRef = 3A0515C90F6BBA140049FCB8 /* UIControlProcessor.m */; };
		3A0515D30F6BBC310049FCB8 /* NibProcessor.m in Sources */ = {isa = PBXBuildFile; fileRef = 3A0515D20F6BBC310049FCB8 /* NibProcessor.m */; };
		3A0516090F6BC8270049FCB8 /* NSNumber+Nib2ObjcExtensions.m in Sources */ = {isa = PBXBuildFile; fileRef = 3A0516080F6BC8270049FCB8 /* NSNumber+Nib2ObjcExtensions.m */; };
		3A05160F0F6BC9850049FCB8 /* NSString+Nib2ObjcExtensions.m in Sources */ = {isa = PBXBuildFile; fileRef = 3A05160E0F6BC9850049FCB8 /* NSString+Nib2ObjcExtensions.m */; };
		3A0516180F6BCAC60049FCB8 /* NSDictionary+Nib2ObjcExtensions.m in Sources */ = {isa = PBXBuildFile; fileRef = 3A0516170F6BCAC60049FCB8 /* NSDictionary+Nib2ObjcExtensions.m */; };
		3A0517010F6BDFA90049FCB8 /* UIProgressViewProcessor.m in Sources */ = {isa = PBXBuildFile; fileRef = 3A0517000F6BDFA90049FCB8 /* UIProgressViewProcessor.m */; };
		3A0517150F6BE1550049FCB8 /* UISwitchProcessor.m in Sources */ = {isa = PBXBuildFile; fileRef = 3A0517140F6BE1550049FCB8 /* UISwitchProcessor.m */; };
		3A0517300F6BE3940049FCB8 /* UISliderProcessor.m in Sources */ = {isa = PBXBuildFile; fileRef = 3A05172F0F6BE3940049FCB8 /* UISliderProcessor.m */; };
		3A0517570F6BEB970049FCB8 /* UILabelProcessor.m in Sources */ = {isa = PBXBuildFile; fileRef = 3A0517560F6BEB970049FCB8 /* UILabelProcessor.m */; };
		3A0517C30F6BF9E60049FCB8 /* UIActivityIndicatorViewProcessor.m in Sources */ = {isa = PBXBuildFile; fileRef = 3A0517C20F6BF9E60049FCB8 /* UIActivityIndicatorViewProcessor.m */; };
		3A0517EF0F6BFF510049FCB8 /* UIPageControlProcessor.m in Sources */ = {isa = PBXBuildFile; fileRef = 3A0517EE0F6BFF510049FCB8 /* UIPageControlProcessor.m */; };
		3A0517FD0F6C00590049FCB8 /* UIButtonProcessor.m in Sources */ = {isa = PBXBuildFile; fileRef = 3A0517FC0F6C00590049FCB8 /* UIButtonProcessor.m */; };
		3A0518430F6C0B380049FCB8 /* UISegmentedControlProcessor.m in Sources */ = {isa = PBXBuildFile; fileRef = 3A0518420F6C0B380049FCB8 /* UISegmentedControlProcessor.m */; };
		3A464C6C0F6F8165006D2694 /* UIDatePickerProcessor.m in Sources */ = {isa = PBXBuildFile; fileRef = 3A464C6B0F6F8165006D2694 /* UIDatePickerProcessor.m */; };
		3A672E4D0F6E949000715857 /* Processor.m in Sources */ = {isa = PBXBuildFile; fileRef = 3A672E4C0F6E949000715857 /* Processor.m */; };
		3A8897CB0F6E7C4D00A537A3 /* UITableViewCellProcessor.m in Sources */ = {isa = PBXBuildFile; fileRef = 3A8897CA0F6E7C4D00A537A3 /* UITableViewCellProcessor.m */; };
		3A927CC50F6D55BD00C7C3B1 /* UITableViewProcessor.m in Sources */ = {isa = PBXBuildFile; fileRef = 3A927CC40F6D55BD00C7C3B1 /* UITableViewProcessor.m */; };
		3A927CF20F6D5BA700C7C3B1 /* UIImageViewProcessor.m in Sources */ = {isa = PBXBuildFile; fileRef = 3A927CF10F6D5BA700C7C3B1 /* UIImageViewProcessor.m */; };
		3A927CFB0F6D5DF100C7C3B1 /* UITextViewProcessor.m in Sources */ = {isa = PBXBuildFile; fileRef = 3A927CFA0F6D5DF100C7C3B1 /* UITextViewProcessor.m */; };
		3A927D1F0F6D60F000C7C3B1 /* UIPickerViewProcessor.m in Sources */ = {isa = PBXBuildFile; fileRef = 3A927D1E0F6D60F000C7C3B1 /* UIPickerViewProcessor.m */; };
		3A927D2D0F6D61E200C7C3B1 /* UIWebViewProcessor.m in Sources */ = {isa = PBXBuildFile; fileRef = 3A927D2C0F6D61E200C7C3B1 /* UIWebViewProcessor.m */; };
		3A99D0680F6D4CFA00F7D892 /* UIScrollViewProcessor.m in Sources */ = {isa = PBXBuildFile; fileRef = 3A99D0670F6D4CFA00F7D892 /* UIScrollViewProcessor.m */; };
		3AC911CE0F6B99C700057BCD /* UITextFieldProcessor.m in Sources */ = {isa = PBXBuildFile; fileRef = 3AC911CD0F6B99C700057BCD /* UITextFieldProcessor.m */; };
		3ACDD3850F6FD7B0008EA9F2 /* UINavigationBarProcessor.m in Sources */ = {isa = PBXBuildFile; fileRef = 3ACDD3840F6FD7B0008EA9F2 /* UINavigationBarProcessor.m */; };
		3ACDD3B10F6FE0C2008EA9F2 /* UINavigationItemProcessor.m in Sources */ = {isa = PBXBuildFile; fileRef = 3ACDD3B00F6FE0C2008EA9F2 /* UINavigationItemProcessor.m */; };
		3ACDD3BC0F6FE3C0008EA9F2 /* UIBarButtonItemProcessor.m in Sources */ = {isa = PBXBuildFile; fileRef = 3ACDD3BB0F6FE3C0008EA9F2 /* UIBarButtonItemProcessor.m */; };
		3ACDD3BF0F6FE43A008EA9F2 /* UIBarItemProcessor.m in Sources */ = {isa = PBXBuildFile; fileRef = 3ACDD3BE0F6FE43A008EA9F2 /* UIBarItemProcessor.m */; };
		3ACDD4310F6FF052008EA9F2 /* UISearchBarProcessor.m in Sources */ = {isa = PBXBuildFile; fileRef = 3ACDD4300F6FF052008EA9F2 /* UISearchBarProcessor.m */; };
		3AD51EDD0F6AF0D1002D7519 /* UIViewProcessor.m in Sources */ = {isa = PBXBuildFile; fileRef = 3AD51EDC0F6AF0D1002D7519 /* UIViewProcessor.m */; };
		8DD76F9A0486AA7600D96B5E /* nib2objc.m in Sources */ = {isa = PBXBuildFile; fileRef = 08FB7796FE84155DC02AAC07 /* nib2objc.m */; settings = {ATTRIBUTES = (); }; };
		8DD76F9C0486AA7600D96B5E /* Foundation.framework in Frameworks */ = {isa = PBXBuildFile; fileRef = 08FB779EFE84155DC02AAC07 /* Foundation.framework */; };
/* End PBXBuildFile section */

/* Begin PBXCopyFilesBuildPhase section */
		8DD76F9E0486AA7600D96B5E /* CopyFiles */ = {
			isa = PBXCopyFilesBuildPhase;
			buildActionMask = 8;
			dstPath = /usr/share/man/man1/;
			dstSubfolderSpec = 0;
			files = (
			);
			runOnlyForDeploymentPostprocessing = 1;
		};
/* End PBXCopyFilesBuildPhase section */

/* Begin PBXFileReference section */
		08FB7796FE84155DC02AAC07 /* nib2objc.m */ = {isa = PBXFileReference; fileEncoding = 4; lastKnownFileType = sourcecode.c.objc; path = nib2objc.m; sourceTree = "<group>"; };
		08FB779EFE84155DC02AAC07 /* Foundation.framework */ = {isa = PBXFileReference; lastKnownFileType = wrapper.framework; name = Foundation.framework; path = /System/Library/Frameworks/Foundation.framework; sourceTree = "<absolute>"; };
		32A70AAB03705E1F00C91783 /* nib2objc_Prefix.pch */ = {isa = PBXFileReference; fileEncoding = 4; lastKnownFileType = sourcecode.c.h; path = nib2objc_Prefix.pch; sourceTree = "<group>"; };
		3A0515C80F6BBA140049FCB8 /* UIControlProcessor.h */ = {isa = PBXFileReference; fileEncoding = 4; lastKnownFileType = sourcecode.c.h; path = UIControlProcessor.h; sourceTree = "<group>"; };
		3A0515C90F6BBA140049FCB8 /* UIControlProcessor.m */ = {isa = PBXFileReference; fileEncoding = 4; lastKnownFileType = sourcecode.c.objc; path = UIControlProcessor.m; sourceTree = "<group>"; };
		3A0515D10F6BBC310049FCB8 /* NibProcessor.h */ = {isa = PBXFileReference; fileEncoding = 4; lastKnownFileType = sourcecode.c.h; path = NibProcessor.h; sourceTree = "<group>"; };
		3A0515D20F6BBC310049FCB8 /* NibProcessor.m */ = {isa = PBXFileReference; fileEncoding = 4; lastKnownFileType = sourcecode.c.objc; path = NibProcessor.m; sourceTree = "<group>"; };
		3A0516070F6BC8270049FCB8 /* NSNumber+Nib2ObjcExtensions.h */ = {isa = PBXFileReference; fileEncoding = 4; lastKnownFileType = sourcecode.c.h; path = "NSNumber+Nib2ObjcExtensions.h"; sourceTree = "<group>"; };
		3A0516080F6BC8270049FCB8 /* NSNumber+Nib2ObjcExtensions.m */ = {isa = PBXFileReference; fileEncoding = 4; lastKnownFileType = sourcecode.c.objc; path = "NSNumber+Nib2ObjcExtensions.m"; sourceTree = "<group>"; };
		3A05160D0F6BC9850049FCB8 /* NSString+Nib2ObjcExtensions.h */ = {isa = PBXFileReference; fileEncoding = 4; lastKnownFileType = sourcecode.c.h; path = "NSString+Nib2ObjcExtensions.h"; sourceTree = "<group>"; };
		3A05160E0F6BC9850049FCB8 /* NSString+Nib2ObjcExtensions.m */ = {isa = PBXFileReference; fileEncoding = 4; lastKnownFileType = sourcecode.c.objc; path = "NSString+Nib2ObjcExtensions.m"; sourceTree = "<group>"; };
		3A0516160F6BCAC60049FCB8 /* NSDictionary+Nib2ObjcExtensions.h */ = {isa = PBXFileReference; fileEncoding = 4; lastKnownFileType = sourcecode.c.h; path = "NSDictionary+Nib2ObjcExtensions.h"; sourceTree = "<group>"; };
		3A0516170F6BCAC60049FCB8 /* NSDictionary+Nib2ObjcExtensions.m */ = {isa = PBXFileReference; fileEncoding = 4; lastKnownFileType = sourcecode.c.objc; path = "NSDictionary+Nib2ObjcExtensions.m"; sourceTree = "<group>"; };
		3A0516FF0F6BDFA90049FCB8 /* UIProgressViewProcessor.h */ = {isa = PBXFileReference; fileEncoding = 4; lastKnownFileType = sourcecode.c.h; path = UIProgressViewProcessor.h; sourceTree = "<group>"; };
		3A0517000F6BDFA90049FCB8 /* UIProgressViewProcessor.m */ = {isa = PBXFileReference; fileEncoding = 4; lastKnownFileType = sourcecode.c.objc; path = UIProgressViewProcessor.m; sourceTree = "<group>"; };
		3A0517130F6BE1550049FCB8 /* UISwitchProcessor.h */ = {isa = PBXFileReference; fileEncoding = 4; lastKnownFileType = sourcecode.c.h; path = UISwitchProcessor.h; sourceTree = "<group>"; };
		3A0517140F6BE1550049FCB8 /* UISwitchProcessor.m */ = {isa = PBXFileReference; fileEncoding = 4; lastKnownFileType = sourcecode.c.objc; path = UISwitchProcessor.m; sourceTree = "<group>"; };
		3A05172E0F6BE3940049FCB8 /* UISliderProcessor.h */ = {isa = PBXFileReference; fileEncoding = 4; lastKnownFileType = sourcecode.c.h; path = UISliderProcessor.h; sourceTree = "<group>"; };
		3A05172F0F6BE3940049FCB8 /* UISliderProcessor.m */ = {isa = PBXFileReference; fileEncoding = 4; lastKnownFileType = sourcecode.c.objc; path = UISliderProcessor.m; sourceTree = "<group>"; };
		3A0517550F6BEB970049FCB8 /* UILabelProcessor.h */ = {isa = PBXFileReference; fileEncoding = 4; lastKnownFileType = sourcecode.c.h; path = UILabelProcessor.h; sourceTree = "<group>"; };
		3A0517560F6BEB970049FCB8 /* UILabelProcessor.m */ = {isa = PBXFileReference; fileEncoding = 4; lastKnownFileType = sourcecode.c.objc; path = UILabelProcessor.m; sourceTree = "<group>"; };
		3A0517C10F6BF9E60049FCB8 /* UIActivityIndicatorViewProcessor.h */ = {isa = PBXFileReference; fileEncoding = 4; lastKnownFileType = sourcecode.c.h; path = UIActivityIndicatorViewProcessor.h; sourceTree = "<group>"; };
		3A0517C20F6BF9E60049FCB8 /* UIActivityIndicatorViewProcessor.m */ = {isa = PBXFileReference; fileEncoding = 4; lastKnownFileType = sourcecode.c.objc; path = UIActivityIndicatorViewProcessor.m; sourceTree = "<group>"; };
		3A0517ED0F6BFF510049FCB8 /* UIPageControlProcessor.h */ = {isa = PBXFileReference; fileEncoding = 4; lastKnownFileType = sourcecode.c.h; path = UIPageControlProcessor.h; sourceTree = "<group>"; };
		3A0517EE0F6BFF510049FCB8 /* UIPageControlProcessor.m */ = {isa = PBXFileReference; fileEncoding = 4; lastKnownFileType = sourcecode.c.objc; path = UIPageControlProcessor.m; sourceTree = "<group>"; };
		3A0517FB0F6C00590049FCB8 /* UIButtonProcessor.h */ = {isa = PBXFileReference; fileEncoding = 4; lastKnownFileType = sourcecode.c.h; path = UIButtonProcessor.h; sourceTree = "<group>"; };
		3A0517FC0F6C00590049FCB8 /* UIButtonProcessor.m */ = {isa = PBXFileReference; fileEncoding = 4; lastKnownFileType = sourcecode.c.objc; path = UIButtonProcessor.m; sourceTree = "<group>"; };
		3A0518410F6C0B380049FCB8 /* UISegmentedControlProcessor.h */ = {isa = PBXFileReference; fileEncoding = 4; lastKnownFileType = sourcecode.c.h; path = UISegmentedControlProcessor.h; sourceTree = "<group>"; };
		3A0518420F6C0B380049FCB8 /* UISegmentedControlProcessor.m */ = {isa = PBXFileReference; fileEncoding = 4; lastKnownFileType = sourcecode.c.objc; path = UISegmentedControlProcessor.m; sourceTree = "<group>"; };
		3A464C6A0F6F8165006D2694 /* UIDatePickerProcessor.h */ = {isa = PBXFileReference; fileEncoding = 4; lastKnownFileType = sourcecode.c.h; path = UIDatePickerProcessor.h; sourceTree = "<group>"; };
		3A464C6B0F6F8165006D2694 /* UIDatePickerProcessor.m */ = {isa = PBXFileReference; fileEncoding = 4; lastKnownFileType = sourcecode.c.objc; path = UIDatePickerProcessor.m; sourceTree = "<group>"; };
		3A672E4B0F6E949000715857 /* Processor.h */ = {isa = PBXFileReference; fileEncoding = 4; lastKnownFileType = sourcecode.c.h; path = Processor.h; sourceTree = "<group>"; };
		3A672E4C0F6E949000715857 /* Processor.m */ = {isa = PBXFileReference; fileEncoding = 4; lastKnownFileType = sourcecode.c.objc; path = Processor.m; sourceTree = "<group>"; };
		3A8897C90F6E7C4D00A537A3 /* UITableViewCellProcessor.h */ = {isa = PBXFileReference; fileEncoding = 4; lastKnownFileType = sourcecode.c.h; path = UITableViewCellProcessor.h; sourceTree = "<group>"; };
		3A8897CA0F6E7C4D00A537A3 /* UITableViewCellProcessor.m */ = {isa = PBXFileReference; fileEncoding = 4; lastKnownFileType = sourcecode.c.objc; path = UITableViewCellProcessor.m; sourceTree = "<group>"; };
		3A927CC30F6D55BD00C7C3B1 /* UITableViewProcessor.h */ = {isa = PBXFileReference; fileEncoding = 4; lastKnownFileType = sourcecode.c.h; path = UITableViewProcessor.h; sourceTree = "<group>"; };
		3A927CC40F6D55BD00C7C3B1 /* UITableViewProcessor.m */ = {isa = PBXFileReference; fileEncoding = 4; lastKnownFileType = sourcecode.c.objc; path = UITableViewProcessor.m; sourceTree = "<group>"; };
		3A927CF00F6D5BA700C7C3B1 /* UIImageViewProcessor.h */ = {isa = PBXFileReference; fileEncoding = 4; lastKnownFileType = sourcecode.c.h; path = UIImageViewProcessor.h; sourceTree = "<group>"; };
		3A927CF10F6D5BA700C7C3B1 /* UIImageViewProcessor.m */ = {isa = PBXFileReference; fileEncoding = 4; lastKnownFileType = sourcecode.c.objc; path = UIImageViewProcessor.m; sourceTree = "<group>"; };
		3A927CF90F6D5DF100C7C3B1 /* UITextViewProcessor.h */ = {isa = PBXFileReference; fileEncoding = 4; lastKnownFileType = sourcecode.c.h; path = UITextViewProcessor.h; sourceTree = "<group>"; };
		3A927CFA0F6D5DF100C7C3B1 /* UITextViewProcessor.m */ = {isa = PBXFileReference; fileEncoding = 4; lastKnownFileType = sourcecode.c.objc; path = UITextViewProcessor.m; sourceTree = "<group>"; };
		3A927D1D0F6D60F000C7C3B1 /* UIPickerViewProcessor.h */ = {isa = PBXFileReference; fileEncoding = 4; lastKnownFileType = sourcecode.c.h; path = UIPickerViewProcessor.h; sourceTree = "<group>"; };
		3A927D1E0F6D60F000C7C3B1 /* UIPickerViewProcessor.m */ = {isa = PBXFileReference; fileEncoding = 4; lastKnownFileType = sourcecode.c.objc; path = UIPickerViewProcessor.m; sourceTree = "<group>"; };
		3A927D2B0F6D61E200C7C3B1 /* UIWebViewProcessor.h */ = {isa = PBXFileReference; fileEncoding = 4; lastKnownFileType = sourcecode.c.h; path = UIWebViewProcessor.h; sourceTree = "<group>"; };
		3A927D2C0F6D61E200C7C3B1 /* UIWebViewProcessor.m */ = {isa = PBXFileReference; fileEncoding = 4; lastKnownFileType = sourcecode.c.objc; path = UIWebViewProcessor.m; sourceTree = "<group>"; };
		3A99D0660F6D4CFA00F7D892 /* UIScrollViewProcessor.h */ = {isa = PBXFileReference; fileEncoding = 4; lastKnownFileType = sourcecode.c.h; path = UIScrollViewProcessor.h; sourceTree = "<group>"; };
		3A99D0670F6D4CFA00F7D892 /* UIScrollViewProcessor.m */ = {isa = PBXFileReference; fileEncoding = 4; lastKnownFileType = sourcecode.c.objc; path = UIScrollViewProcessor.m; sourceTree = "<group>"; };
		3AC911CC0F6B99C700057BCD /* UITextFieldProcessor.h */ = {isa = PBXFileReference; fileEncoding = 4; lastKnownFileType = sourcecode.c.h; path = UITextFieldProcessor.h; sourceTree = "<group>"; };
		3AC911CD0F6B99C700057BCD /* UITextFieldProcessor.m */ = {isa = PBXFileReference; fileEncoding = 4; lastKnownFileType = sourcecode.c.objc; path = UITextFieldProcessor.m; sourceTree = "<group>"; };
		3ACDD3830F6FD7B0008EA9F2 /* UINavigationBarProcessor.h */ = {isa = PBXFileReference; fileEncoding = 4; lastKnownFileType = sourcecode.c.h; path = UINavigationBarProcessor.h; sourceTree = "<group>"; };
		3ACDD3840F6FD7B0008EA9F2 /* UINavigationBarProcessor.m */ = {isa = PBXFileReference; fileEncoding = 4; lastKnownFileType = sourcecode.c.objc; path = UINavigationBarProcessor.m; sourceTree = "<group>"; };
		3ACDD3AF0F6FE0C2008EA9F2 /* UINavigationItemProcessor.h */ = {isa = PBXFileReference; fileEncoding = 4; lastKnownFileType = sourcecode.c.h; path = UINavigationItemProcessor.h; sourceTree = "<group>"; };
		3ACDD3B00F6FE0C2008EA9F2 /* UINavigationItemProcessor.m */ = {isa = PBXFileReference; fileEncoding = 4; lastKnownFileType = sourcecode.c.objc; path = UINavigationItemProcessor.m; sourceTree = "<group>"; };
		3ACDD3BA0F6FE3C0008EA9F2 /* UIBarButtonItemProcessor.h */ = {isa = PBXFileReference; fileEncoding = 4; lastKnownFileType = sourcecode.c.h; path = UIBarButtonItemProcessor.h; sourceTree = "<group>"; };
		3ACDD3BB0F6FE3C0008EA9F2 /* UIBarButtonItemProcessor.m */ = {isa = PBXFileReference; fileEncoding = 4; lastKnownFileType = sourcecode.c.objc; path = UIBarButtonItemProcessor.m; sourceTree = "<group>"; };
		3ACDD3BD0F6FE43A008EA9F2 /* UIBarItemProcessor.h */ = {isa = PBXFileReference; fileEncoding = 4; lastKnownFileType = sourcecode.c.h; path = UIBarItemProcessor.h; sourceTree = "<group>"; };
		3ACDD3BE0F6FE43A008EA9F2 /* UIBarItemProcessor.m */ = {isa = PBXFileReference; fileEncoding = 4; lastKnownFileType = sourcecode.c.objc; path = UIBarItemProcessor.m; sourceTree = "<group>"; };
		3ACDD42F0F6FF052008EA9F2 /* UISearchBarProcessor.h */ = {isa = PBXFileReference; fileEncoding = 4; lastKnownFileType = sourcecode.c.h; path = UISearchBarProcessor.h; sourceTree = "<group>"; };
		3ACDD4300F6FF052008EA9F2 /* UISearchBarProcessor.m */ = {isa = PBXFileReference; fileEncoding = 4; lastKnownFileType = sourcecode.c.objc; path = UISearchBarProcessor.m; sourceTree = "<group>"; };
		3AD51E600F6ABD0A002D7519 /* TestViewController.xib */ = {isa = PBXFileReference; lastKnownFileType = file.xib; path = TestViewController.xib; sourceTree = "<group>"; };
		3AD51EDB0F6AF0D1002D7519 /* UIViewProcessor.h */ = {isa = PBXFileReference; fileEncoding = 4; lastKnownFileType = sourcecode.c.h; path = UIViewProcessor.h; sourceTree = "<group>"; };
		3AD51EDC0F6AF0D1002D7519 /* UIViewProcessor.m */ = {isa = PBXFileReference; fileEncoding = 4; lastKnownFileType = sourcecode.c.objc; path = UIViewProcessor.m; sourceTree = "<group>"; };
		8DD76FA10486AA7600D96B5E /* nib2objc */ = {isa = PBXFileReference; explicitFileType = "compiled.mach-o.executable"; includeInIndex = 0; path = nib2objc; sourceTree = BUILT_PRODUCTS_DIR; };
/* End PBXFileReference section */

/* Begin PBXFrameworksBuildPhase section */
		8DD76F9B0486AA7600D96B5E /* Frameworks */ = {
			isa = PBXFrameworksBuildPhase;
			buildActionMask = 2147483647;
			files = (
				8DD76F9C0486AA7600D96B5E /* Foundation.framework in Frameworks */,
			);
			runOnlyForDeploymentPostprocessing = 0;
		};
/* End PBXFrameworksBuildPhase section */

/* Begin PBXGroup section */
		08FB7794FE84155DC02AAC07 /* nib2objc */ = {
			isa = PBXGroup;
			children = (
				3AD51E5F0F6ABCFF002D7519 /* Resources */,
				08FB7795FE84155DC02AAC07 /* Source */,
				08FB779DFE84155DC02AAC07 /* External Frameworks and Libraries */,
				1AB674ADFE9D54B511CA2CBB /* Products */,
			);
			name = nib2objc;
			sourceTree = "<group>";
		};
		08FB7795FE84155DC02AAC07 /* Source */ = {
			isa = PBXGroup;
			children = (
				3A0516060F6BC8060049FCB8 /* Categories */,
				3AD51EDA0F6AF0B9002D7519 /* Processors */,
				32A70AAB03705E1F00C91783 /* nib2objc_Prefix.pch */,
				08FB7796FE84155DC02AAC07 /* nib2objc.m */,
				3A0515D10F6BBC310049FCB8 /* NibProcessor.h */,
				3A0515D20F6BBC310049FCB8 /* NibProcessor.m */,
			);
			name = Source;
			sourceTree = "<group>";
		};
		08FB779DFE84155DC02AAC07 /* External Frameworks and Libraries */ = {
			isa = PBXGroup;
			children = (
				08FB779EFE84155DC02AAC07 /* Foundation.framework */,
			);
			name = "External Frameworks and Libraries";
			sourceTree = "<group>";
		};
		1AB674ADFE9D54B511CA2CBB /* Products */ = {
			isa = PBXGroup;
			children = (
				8DD76FA10486AA7600D96B5E /* nib2objc */,
			);
			name = Products;
			sourceTree = "<group>";
		};
		3A0516060F6BC8060049FCB8 /* Categories */ = {
			isa = PBXGroup;
			children = (
				3A0516070F6BC8270049FCB8 /* NSNumber+Nib2ObjcExtensions.h */,
				3A0516080F6BC8270049FCB8 /* NSNumber+Nib2ObjcExtensions.m */,
				3A05160D0F6BC9850049FCB8 /* NSString+Nib2ObjcExtensions.h */,
				3A05160E0F6BC9850049FCB8 /* NSString+Nib2ObjcExtensions.m */,
				3A0516160F6BCAC60049FCB8 /* NSDictionary+Nib2ObjcExtensions.h */,
				3A0516170F6BCAC60049FCB8 /* NSDictionary+Nib2ObjcExtensions.m */,
			);
			path = Categories;
			sourceTree = "<group>";
		};
		3AD51E5F0F6ABCFF002D7519 /* Resources */ = {
			isa = PBXGroup;
			children = (
				3AD51E600F6ABD0A002D7519 /* TestViewController.xib */,
			);
			name = Resources;
			sourceTree = "<group>";
		};
		3AD51EDA0F6AF0B9002D7519 /* Processors */ = {
			isa = PBXGroup;
			children = (
				3A672E4B0F6E949000715857 /* Processor.h */,
				3A672E4C0F6E949000715857 /* Processor.m */,
				3AD51EDB0F6AF0D1002D7519 /* UIViewProcessor.h */,
				3AD51EDC0F6AF0D1002D7519 /* UIViewProcessor.m */,
				3A0515C80F6BBA140049FCB8 /* UIControlProcessor.h */,
				3A0515C90F6BBA140049FCB8 /* UIControlProcessor.m */,
				3AC911CC0F6B99C700057BCD /* UITextFieldProcessor.h */,
				3AC911CD0F6B99C700057BCD /* UITextFieldProcessor.m */,
				3A0516FF0F6BDFA90049FCB8 /* UIProgressViewProcessor.h */,
				3A0517000F6BDFA90049FCB8 /* UIProgressViewProcessor.m */,
				3A0517130F6BE1550049FCB8 /* UISwitchProcessor.h */,
				3A0517140F6BE1550049FCB8 /* UISwitchProcessor.m */,
				3A05172E0F6BE3940049FCB8 /* UISliderProcessor.h */,
				3A05172F0F6BE3940049FCB8 /* UISliderProcessor.m */,
				3A0517550F6BEB970049FCB8 /* UILabelProcessor.h */,
				3A0517560F6BEB970049FCB8 /* UILabelProcessor.m */,
				3A0517C10F6BF9E60049FCB8 /* UIActivityIndicatorViewProcessor.h */,
				3A0517C20F6BF9E60049FCB8 /* UIActivityIndicatorViewProcessor.m */,
				3A0517ED0F6BFF510049FCB8 /* UIPageControlProcessor.h */,
				3A0517EE0F6BFF510049FCB8 /* UIPageControlProcessor.m */,
				3A0517FB0F6C00590049FCB8 /* UIButtonProcessor.h */,
				3A0517FC0F6C00590049FCB8 /* UIButtonProcessor.m */,
				3A0518410F6C0B380049FCB8 /* UISegmentedControlProcessor.h */,
				3A0518420F6C0B380049FCB8 /* UISegmentedControlProcessor.m */,
				3A99D0660F6D4CFA00F7D892 /* UIScrollViewProcessor.h */,
				3A99D0670F6D4CFA00F7D892 /* UIScrollViewProcessor.m */,
				3A927CC30F6D55BD00C7C3B1 /* UITableViewProcessor.h */,
				3A927CC40F6D55BD00C7C3B1 /* UITableViewProcessor.m */,
				3A927CF00F6D5BA700C7C3B1 /* UIImageViewProcessor.h */,
				3A927CF10F6D5BA700C7C3B1 /* UIImageViewProcessor.m */,
				3A927CF90F6D5DF100C7C3B1 /* UITextViewProcessor.h */,
				3A927CFA0F6D5DF100C7C3B1 /* UITextViewProcessor.m */,
				3A927D1D0F6D60F000C7C3B1 /* UIPickerViewProcessor.h */,
				3A927D1E0F6D60F000C7C3B1 /* UIPickerViewProcessor.m */,
				3A927D2B0F6D61E200C7C3B1 /* UIWebViewProcessor.h */,
				3A927D2C0F6D61E200C7C3B1 /* UIWebViewProcessor.m */,
				3A8897C90F6E7C4D00A537A3 /* UITableViewCellProcessor.h */,
				3A8897CA0F6E7C4D00A537A3 /* UITableViewCellProcessor.m */,
				3A464C6A0F6F8165006D2694 /* UIDatePickerProcessor.h */,
				3A464C6B0F6F8165006D2694 /* UIDatePickerProcessor.m */,
				3ACDD3830F6FD7B0008EA9F2 /* UINavigationBarProcessor.h */,
				3ACDD3840F6FD7B0008EA9F2 /* UINavigationBarProcessor.m */,
				3ACDD3AF0F6FE0C2008EA9F2 /* UINavigationItemProcessor.h */,
				3ACDD3B00F6FE0C2008EA9F2 /* UINavigationItemProcessor.m */,
				3ACDD3BD0F6FE43A008EA9F2 /* UIBarItemProcessor.h */,
				3ACDD3BE0F6FE43A008EA9F2 /* UIBarItemProcessor.m */,
				3ACDD3BA0F6FE3C0008EA9F2 /* UIBarButtonItemProcessor.h */,
				3ACDD3BB0F6FE3C0008EA9F2 /* UIBarButtonItemProcessor.m */,
				3ACDD42F0F6FF052008EA9F2 /* UISearchBarProcessor.h */,
				3ACDD4300F6FF052008EA9F2 /* UISearchBarProcessor.m */,
			);
			path = Processors;
			sourceTree = "<group>";
		};
/* End PBXGroup section */

/* Begin PBXNativeTarget section */
		8DD76F960486AA7600D96B5E /* nib2objc */ = {
			isa = PBXNativeTarget;
			buildConfigurationList = 1DEB927408733DD40010E9CD /* Build configuration list for PBXNativeTarget "nib2objc" */;
			buildPhases = (
				8DD76F990486AA7600D96B5E /* Sources */,
				8DD76F9B0486AA7600D96B5E /* Frameworks */,
				8DD76F9E0486AA7600D96B5E /* CopyFiles */,
			);
			buildRules = (
			);
			dependencies = (
			);
			name = nib2objc;
			productInstallPath = "$(HOME)/bin";
			productName = nib2objc;
			productReference = 8DD76FA10486AA7600D96B5E /* nib2objc */;
			productType = "com.apple.product-type.tool";
		};
/* End PBXNativeTarget section */

/* Begin PBXProject section */
		08FB7793FE84155DC02AAC07 /* Project object */ = {
			isa = PBXProject;
			buildConfigurationList = 1DEB927808733DD40010E9CD /* Build configuration list for PBXProject "nib2objc" */;
			compatibilityVersion = "Xcode 3.1";
			hasScannedForEncodings = 1;
			mainGroup = 08FB7794FE84155DC02AAC07 /* nib2objc */;
			projectDirPath = "";
			projectRoot = "";
			targets = (
				8DD76F960486AA7600D96B5E /* nib2objc */,
			);
		};
/* End PBXProject section */

/* Begin PBXSourcesBuildPhase section */
		8DD76F990486AA7600D96B5E /* Sources */ = {
			isa = PBXSourcesBuildPhase;
			buildActionMask = 2147483647;
			files = (
				8DD76F9A0486AA7600D96B5E /* nib2objc.m in Sources */,
				3AD51EDD0F6AF0D1002D7519 /* UIViewProcessor.m in Sources */,
				3AC911CE0F6B99C700057BCD /* UITextFieldProcessor.m in Sources */,
				3A0515CA0F6BBA140049FCB8 /* UIControlProcessor.m in Sources */,
				3A0515D30F6BBC310049FCB8 /* NibProcessor.m in Sources */,
				3A0516090F6BC8270049FCB8 /* NSNumber+Nib2ObjcExtensions.m in Sources */,
				3A05160F0F6BC9850049FCB8 /* NSString+Nib2ObjcExtensions.m in Sources */,
				3A0516180F6BCAC60049FCB8 /* NSDictionary+Nib2ObjcExtensions.m in Sources */,
				3A0517010F6BDFA90049FCB8 /* UIProgressViewProcessor.m in Sources */,
				3A0517150F6BE1550049FCB8 /* UISwitchProcessor.m in Sources */,
				3A0517300F6BE3940049FCB8 /* UISliderProcessor.m in Sources */,
				3A0517570F6BEB970049FCB8 /* UILabelProcessor.m in Sources */,
				3A0517C30F6BF9E60049FCB8 /* UIActivityIndicatorViewProcessor.m in Sources */,
				3A0517EF0F6BFF510049FCB8 /* UIPageControlProcessor.m in Sources */,
				3A0517FD0F6C00590049FCB8 /* UIButtonProcessor.m in Sources */,
				3A0518430F6C0B380049FCB8 /* UISegmentedControlProcessor.m in Sources */,
				3A99D0680F6D4CFA00F7D892 /* UIScrollViewProcessor.m in Sources */,
				3A927CC50F6D55BD00C7C3B1 /* UITableViewProcessor.m in Sources */,
				3A927CF20F6D5BA700C7C3B1 /* UIImageViewProcessor.m in Sources */,
				3A927CFB0F6D5DF100C7C3B1 /* UITextViewProcessor.m in Sources */,
				3A927D1F0F6D60F000C7C3B1 /* UIPickerViewProcessor.m in Sources */,
				3A927D2D0F6D61E200C7C3B1 /* UIWebViewProcessor.m in Sources */,
				3A8897CB0F6E7C4D00A537A3 /* UITableViewCellProcessor.m in Sources */,
				3A672E4D0F6E949000715857 /* Processor.m in Sources */,
				3A464C6C0F6F8165006D2694 /* UIDatePickerProcessor.m in Sources */,
				3ACDD3850F6FD7B0008EA9F2 /* UINavigationBarProcessor.m in Sources */,
				3ACDD3B10F6FE0C2008EA9F2 /* UINavigationItemProcessor.m in Sources */,
				3ACDD3BC0F6FE3C0008EA9F2 /* UIBarButtonItemProcessor.m in Sources */,
				3ACDD3BF0F6FE43A008EA9F2 /* UIBarItemProcessor.m in Sources */,
				3ACDD4310F6FF052008EA9F2 /* UISearchBarProcessor.m in Sources */,
			);
			runOnlyForDeploymentPostprocessing = 0;
		};
/* End PBXSourcesBuildPhase section */

/* Begin XCBuildConfiguration section */
		1DEB927508733DD40010E9CD /* Debug */ = {
			isa = XCBuildConfiguration;
			buildSettings = {
				ALWAYS_SEARCH_USER_PATHS = NO;
				COPY_PHASE_STRIP = NO;
				GCC_DYNAMIC_NO_PIC = NO;
				GCC_ENABLE_FIX_AND_CONTINUE = YES;
				GCC_MODEL_TUNING = G5;
				GCC_OPTIMIZATION_LEVEL = 0;
				GCC_PRECOMPILE_PREFIX_HEADER = YES;
				GCC_PREFIX_HEADER = nib2objc_Prefix.pch;
				INSTALL_PATH = /usr/local/bin;
				PRODUCT_NAME = nib2objc;
			};
			name = Debug;
		};
		1DEB927608733DD40010E9CD /* Release */ = {
			isa = XCBuildConfiguration;
			buildSettings = {
				ALWAYS_SEARCH_USER_PATHS = NO;
				DEBUG_INFORMATION_FORMAT = "dwarf-with-dsym";
				GCC_MODEL_TUNING = G5;
				GCC_PRECOMPILE_PREFIX_HEADER = YES;
				GCC_PREFIX_HEADER = nib2objc_Prefix.pch;
				INSTALL_PATH = /usr/local/bin;
				PRODUCT_NAME = nib2objc;
			};
			name = Release;
		};
		1DEB927908733DD40010E9CD /* Debug */ = {
			isa = XCBuildConfiguration;
			buildSettings = {
				ARCHS = "$(ARCHS_STANDARD_32_BIT)";
				GCC_C_LANGUAGE_STANDARD = c99;
				GCC_OPTIMIZATION_LEVEL = 0;
				GCC_WARN_ABOUT_RETURN_TYPE = YES;
				GCC_WARN_UNUSED_VARIABLE = YES;
				ONLY_ACTIVE_ARCH = YES;
				PREBINDING = NO;
				SDKROOT = macosx10.5;
			};
			name = Debug;
		};
		1DEB927A08733DD40010E9CD /* Release */ = {
			isa = XCBuildConfiguration;
			buildSettings = {
				ARCHS = "$(ARCHS_STANDARD_32_BIT)";
				GCC_C_LANGUAGE_STANDARD = c99;
				GCC_WARN_ABOUT_RETURN_TYPE = YES;
				GCC_WARN_UNUSED_VARIABLE = YES;
				PREBINDING = NO;
				SDKROOT = macosx10.5;
			};
			name = Release;
		};
/* End XCBuildConfiguration section */

/* Begin XCConfigurationList section */
		1DEB927408733DD40010E9CD /* Build configuration list for PBXNativeTarget "nib2objc" */ = {
			isa = XCConfigurationList;
			buildConfigurations = (
				1DEB927508733DD40010E9CD /* Debug */,
				1DEB927608733DD40010E9CD /* Release */,
			);
			defaultConfigurationIsVisible = 0;
			defaultConfigurationName = Release;
		};
		1DEB927808733DD40010E9CD /* Build configuration list for PBXProject "nib2objc" */ = {
			isa = XCConfigurationList;
			buildConfigurations = (
				1DEB927908733DD40010E9CD /* Debug */,
				1DEB927A08733DD40010E9CD /* Release */,
			);
			defaultConfigurationIsVisible = 0;
			defaultConfigurationName = Release;
		};
/* End XCConfigurationList section */
	};
	rootObject = 08FB7793FE84155DC02AAC07 /* Project object */;
}
